
Microsoft Visual Studio Solution File, Format Version 12.00
# Visual Studio Version 17
VisualStudioVersion = 17.0.31912.275
MinimumVisualStudioVersion = 10.0.40219.1
Project("{FAE04EC0-301F-11D3-BF4B-00C04F79EFBC}") = "Linq_Example_4", "Linq_Example_4\Linq_Example_4.csproj", "{05E5F3BA-E95E-4E1E-A2A8-6A66A7BA896E}"
EndProject
Global
	GlobalSection(SolutionConfigurationPlatforms) = preSolution
		Debug|Any CPU = Debug|Any CPU
		Release|Any CPU = Release|Any CPU
	EndGlobalSection
	GlobalSection(ProjectConfigurationPlatforms) = postSolution
		{05E5F3BA-E95E-4E1E-A2A8-6A66A7BA896E}.Debug|Any CPU.ActiveCfg = Debug|Any CPU
		{05E5F3BA-E95E-4E1E-A2A8-6A66A7BA896E}.Debug|Any CPU.Build.0 = Debug|Any CPU
		{05E5F3BA-E95E-4E1E-A2A8-6A66A7BA896E}.Release|Any CPU.ActiveCfg = Release|Any CPU
		{05E5F3BA-E95E-4E1E-A2A8-6A66A7BA896E}.Release|Any CPU.Build.0 = Release|Any CPU
	EndGlobalSection
	GlobalSection(SolutionProperties) = preSolution
		HideSolutionNode = FALSE
	EndGlobalSection
	GlobalSection(ExtensibilityGlobals) = postSolution
		SolutionGuid = {44AB2523-F27E-40B7-930E-0935C4F6093F}
	EndGlobalSection
EndGlobal
